<?xml version="1.0" encoding="utf-8"?>
<Project ToolsVersion="4.0" xmlns="http://schemas.microsoft.com/developer/msbuild/2003">
  <ItemGroup>
    <Filter Include="Source Files">
      <UniqueIdentifier>{4FC737F1-C7A5-4376-A066-2A32D752A2FF}</UniqueIdentifier>
      <Extensions>cpp;c;cc;cxx;def;odl;idl;hpj;bat;asm;asmx</Extensions>
    </Filter>
    <Filter Include="Header Files">
      <UniqueIdentifier>{93995380-89BD-4b04-88EB-625FBE52EBFB}</UniqueIdentifier>
      <Extensions>h;hh;hpp;hxx;hm;inl;inc;xsd</Extensions>
    </Filter>
    <Filter Include="Resource Files">
      <UniqueIdentifier>{67DA6AB6-F800-4c08-8B7A-83BB121AAD01}</UniqueIdentifier>
      <Extensions>rc;ico;cur;bmp;dlg;rc2;rct;bin;rgs;gif;jpg;jpeg;jpe;resx;tiff;tif;png;wav</Extensions>
    </Filter>
  </ItemGroup>
  <ItemGroup>
    <ClCompile Include="src\cpu.c">
      <Filter>Source Files</Filter>
    </ClCompile>
    <ClCompile Include="src\gpu.c">
      <Filter>Source Files</Filter>
    </ClCompile>
    <ClCompile Include="src\main.c">
      <Filter>Source Files</Filter>
    </ClCompile>
    <ClCompile Include="src\ReedSolomon.c">
      <Filter>Source Files</Filter>
    </ClCompile>
    <ClCompile Include="src\ed25519-donna\ed25519.c">
      <Filter>Source Files</Filter>
    </ClCompile>
    <ClCompile Include="src\argumentsParser.c">
      <Filter>Source Files</Filter>
    </ClCompile>
  </ItemGroup>
  <ItemGroup>
    <ClInclude Include="src\argumentsParser.h">
      <Filter>Header Files</Filter>
    </ClInclude>
    <ClInclude Include="src\cpu.h">
      <Filter>Header Files</Filter>
    </ClInclude>
    <ClInclude Include="src\globalTypes.h">
      <Filter>Header Files</Filter>
    </ClInclude>
    <ClInclude Include="src\gpu.h">
      <Filter>Header Files</Filter>
    </ClInclude>
    <ClInclude Include="src\ReedSolomon.h">
      <Filter>Header Files</Filter>
    </ClInclude>
    <ClInclude Include="src\ed25519-donna\ed25519.h">
      <Filter>Header Files</Filter>
    </ClInclude>
    <ClInclude Include="src\ed25519-donna\modm-donna-32bit.h">
      <Filter>Header Files</Filter>
    </ClInclude>
    <ClInclude Include="src\ed25519-donna\modm-donna-64bit.h">
      <Filter>Header Files</Filter>
    </ClInclude>
    <ClInclude Include="src\ed25519-donna\regression.h">
      <Filter>Header Files</Filter>
    </ClInclude>
  </ItemGroup>
  <ItemGroup>
    <None Include="resources\passphraseToId.cl">
      <Filter>Resource Files</Filter>
    </None>
    <None Include="resources\passphraseToId2.cl">
      <Filter>Resource Files</Filter>
    </None>
    <None Include="README.md">
      <Filter>Resource Files</Filter>
    </None>
  </ItemGroup>
  <ItemGroup>
    <Text Include="resources\bip39WordsEN.txt">
      <Filter>Resource Files</Filter>
    </Text>
    <Text Include="resources\bip39WordsES.txt">
      <Filter>Resource Files</Filter>
    </Text>
    <Text Include="resources\bip39WordsFR.txt">
      <Filter>Resource Files</Filter>
    </Text>
    <Text Include="resources\bip39WordsPT.txt">
      <Filter>Resource Files</Filter>
    </Text>
  </ItemGroup>
</Project>